
Microsoft Visual Studio Solution File, Format Version 12.00
# Visual Studio Version 17
VisualStudioVersion = 17.9.34616.47
MinimumVisualStudioVersion = 10.0.40219.1
Project("{8BC9CEB8-8B4A-11D0-8D11-00A0C91BC942}") = "Kern", "Kern\Kern.vcxproj", "{730FC8D8-525D-484C-88A9-A1E1BF92503F}"
EndProject
Project("{8BC9CEB8-8B4A-11D0-8D11-00A0C91BC942}") = "KernUnitTests", "KernUnitTests\KernUnitTests.vcxproj", "{67937B07-8804-46AC-B70D-3B8DA7F2E2D1}"
EndProject
Project("{FAE04EC0-301F-11D3-BF4B-00C04F79EFBC}") = "XMLReaderTool", "XMLReaderTool\XMLReaderTool.csproj", "{7ED78919-106B-4AAA-A395-5084B2204746}"
EndProject
Global
	GlobalSection(SolutionConfigurationPlatforms) = preSolution
		Debug|Any CPU = Debug|Any CPU
		Debug|x64 = Debug|x64
		Debug|x86 = Debug|x86
		Release|Any CPU = Release|Any CPU
		Release|x64 = Release|x64
		Release|x86 = Release|x86
	EndGlobalSection
	GlobalSection(ProjectConfigurationPlatforms) = postSolution
		{730FC8D8-525D-484C-88A9-A1E1BF92503F}.Debug|Any CPU.ActiveCfg = Debug|x64
		{730FC8D8-525D-484C-88A9-A1E1BF92503F}.Debug|Any CPU.Build.0 = Debug|x64
		{730FC8D8-525D-484C-88A9-A1E1BF92503F}.Debug|x64.ActiveCfg = Debug|x64
		{730FC8D8-525D-484C-88A9-A1E1BF92503F}.Debug|x64.Build.0 = Debug|x64
		{730FC8D8-525D-484C-88A9-A1E1BF92503F}.Debug|x86.ActiveCfg = Debug|Win32
		{730FC8D8-525D-484C-88A9-A1E1BF92503F}.Debug|x86.Build.0 = Debug|Win32
		{730FC8D8-525D-484C-88A9-A1E1BF92503F}.Release|Any CPU.ActiveCfg = Release|x64
		{730FC8D8-525D-484C-88A9-A1E1BF92503F}.Release|Any CPU.Build.0 = Release|x64
		{730FC8D8-525D-484C-88A9-A1E1BF92503F}.Release|x64.ActiveCfg = Release|x64
		{730FC8D8-525D-484C-88A9-A1E1BF92503F}.Release|x64.Build.0 = Release|x64
		{730FC8D8-525D-484C-88A9-A1E1BF92503F}.Release|x86.ActiveCfg = Release|Win32
		{730FC8D8-525D-484C-88A9-A1E1BF92503F}.Release|x86.Build.0 = Release|Win32
		{67937B07-8804-46AC-B70D-3B8DA7F2E2D1}.Debug|Any CPU.ActiveCfg = Debug|x64
		{67937B07-8804-46AC-B70D-3B8DA7F2E2D1}.Debug|Any CPU.Build.0 = Debug|x64
		{67937B07-8804-46AC-B70D-3B8DA7F2E2D1}.Debug|x64.ActiveCfg = Debug|x64
		{67937B07-8804-46AC-B70D-3B8DA7F2E2D1}.Debug|x64.Build.0 = Debug|x64
		{67937B07-8804-46AC-B70D-3B8DA7F2E2D1}.Debug|x86.ActiveCfg = Debug|Win32
		{67937B07-8804-46AC-B70D-3B8DA7F2E2D1}.Debug|x86.Build.0 = Debug|Win32
		{67937B07-8804-46AC-B70D-3B8DA7F2E2D1}.Release|Any CPU.ActiveCfg = Release|x64
		{67937B07-8804-46AC-B70D-3B8DA7F2E2D1}.Release|Any CPU.Build.0 = Release|x64
		{67937B07-8804-46AC-B70D-3B8DA7F2E2D1}.Release|x64.ActiveCfg = Release|x64
		{67937B07-8804-46AC-B70D-3B8DA7F2E2D1}.Release|x64.Build.0 = Release|x64
		{67937B07-8804-46AC-B70D-3B8DA7F2E2D1}.Release|x86.ActiveCfg = Release|Win32
		{67937B07-8804-46AC-B70D-3B8DA7F2E2D1}.Release|x86.Build.0 = Release|Win32
		{7ED78919-106B-4AAA-A395-5084B2204746}.Debug|Any CPU.ActiveCfg = Debug|Any CPU
		{7ED78919-106B-4AAA-A395-5084B2204746}.Debug|Any CPU.Build.0 = Debug|Any CPU
		{7ED78919-106B-4AAA-A395-5084B2204746}.Debug|x64.ActiveCfg = Debug|Any CPU
		{7ED78919-106B-4AAA-A395-5084B2204746}.Debug|x64.Build.0 = Debug|Any CPU
		{7ED78919-106B-4AAA-A395-5084B2204746}.Debug|x86.ActiveCfg = Debug|Any CPU
		{7ED78919-106B-4AAA-A395-5084B2204746}.Debug|x86.Build.0 = Debug|Any CPU
		{7ED78919-106B-4AAA-A395-5084B2204746}.Release|Any CPU.ActiveCfg = Release|Any CPU
		{7ED78919-106B-4AAA-A395-5084B2204746}.Release|Any CPU.Build.0 = Release|Any CPU
		{7ED78919-106B-4AAA-A395-5084B2204746}.Release|x64.ActiveCfg = Release|Any CPU
		{7ED78919-106B-4AAA-A395-5084B2204746}.Release|x64.Build.0 = Release|Any CPU
		{7ED78919-106B-4AAA-A395-5084B2204746}.Release|x86.ActiveCfg = Release|Any CPU
		{7ED78919-106B-4AAA-A395-5084B2204746}.Release|x86.Build.0 = Release|Any CPU
	EndGlobalSection
	GlobalSection(SolutionProperties) = preSolution
		HideSolutionNode = FALSE
	EndGlobalSection
	GlobalSection(ExtensibilityGlobals) = postSolution
		SolutionGuid = {5C23335A-060A-4777-A325-EACAC6228DA8}
	EndGlobalSection
EndGlobal
